{
  "name": "vrcast-bridge",
  "version": "0.13.0",
  "lockfileVersion": 3,
  "requires": true,
  "packages": {
    "": {
      "name": "vrcast-bridge",
      "version": "0.13.0",
      "dependencies": {
        "hls.js": "^1.6.17"
      },
      "engines": {
        "node": ">=20"
      }
    },
    "node_modules/hls.js": {
      "version": "1.6.17",
      "resolved": "https://registry.npmjs.org/hls.js/-/hls.js-1.6.17.tgz",
      "integrity": "sha512-NUplVGVuc1hSPwdB/9/cbRkUmLrYi75/hqiXKdA+l300pJNxDu96R7jRb2imDzWJqIUF4I5ThmAdp9GvOCXsuQ==",
      "license": "Apache-2.0"
    }
  }
}
